
Microsoft Visual Studio Solution File, Format Version 12.00
# Visual Studio Version 17
VisualStudioVersion = 17.9.34728.123
MinimumVisualStudioVersion = 10.0.40219.1
Project("{8BC9CEB8-8B4A-11D0-8D11-00A0C91BC942}") = "Blane - The Project Planner", "Blane - The Project Planner\Blane - The Project Planner.vcxproj", "{1F38C19A-58AA-4C77-BD4D-55C8A2E4A77F}"
EndProject
Global
	GlobalSection(SolutionConfigurationPlatforms) = preSolution
		Debug|x64 = Debug|x64
		Debug|x86 = Debug|x86
		Release|x64 = Release|x64
		Release|x86 = Release|x86
	EndGlobalSection
	GlobalSection(ProjectConfigurationPlatforms) = postSolution
		{1F38C19A-58AA-4C77-BD4D-55C8A2E4A77F}.Debug|x64.ActiveCfg = Debug|x64
		{1F38C19A-58AA-4C77-BD4D-55C8A2E4A77F}.Debug|x64.Build.0 = Debug|x64
		{1F38C19A-58AA-4C77-BD4D-55C8A2E4A77F}.Debug|x86.ActiveCfg = Debug|Win32
		{1F38C19A-58AA-4C77-BD4D-55C8A2E4A77F}.Debug|x86.Build.0 = Debug|Win32
		{1F38C19A-58AA-4C77-BD4D-55C8A2E4A77F}.Release|x64.ActiveCfg = Release|x64
		{1F38C19A-58AA-4C77-BD4D-55C8A2E4A77F}.Release|x64.Build.0 = Release|x64
		{1F38C19A-58AA-4C77-BD4D-55C8A2E4A77F}.Release|x86.ActiveCfg = Release|Win32
		{1F38C19A-58AA-4C77-BD4D-55C8A2E4A77F}.Release|x86.Build.0 = Release|Win32
	EndGlobalSection
	GlobalSection(SolutionProperties) = preSolution
		HideSolutionNode = FALSE
	EndGlobalSection
	GlobalSection(ExtensibilityGlobals) = postSolution
		SolutionGuid = {46CA59A5-0510-49E3-8AD8-737946D8BDB4}
	EndGlobalSection
EndGlobal
